aws_vpc.k8s_training: Refreshing state... [id=vpc-06e379d25f37fc7a2]
aws_internet_gateway.k8s_training_igw: Refreshing state... [id=igw-05a6e2a809cbdf74d]
aws_security_group.k8s-training-sg: Refreshing state... [id=sg-0c2b34e3495f5a874]
aws_subnet.public_subnet: Refreshing state... [id=subnet-0d3907a1772876a64]
aws_route_table.k8s_training_public_rt: Refreshing state... [id=rtb-0039d8bb79db8cfac]
aws_security_group_rule.self-in: Refreshing state... [id=sgrule-2879821485]
aws_security_group_rule.egress: Refreshing state... [id=sgrule-3510139272]
aws_security_group_rule.http-in: Refreshing state... [id=sgrule-3210672850]
aws_security_group_rule.ssh-in: Refreshing state... [id=sgrule-2309537]
aws_route_table_association.k8s_route_association: Refreshing state... [id=rtbassoc-0778f5a3c0037df81]

Terraform used the selected providers to generate the following execution
plan. Resource actions are indicated with the following symbols:
  + create

Terraform will perform the following actions:

  # aws_instance.k3s_master[0] will be created
  + resource "aws_instance" "k3s_master" {
      + ami                                  = "ami-060c0d1361bbd1bd7"
      + arn                                  = (known after apply)
      + associate_public_ip_address          = true
      + availability_zone                    = (known after apply)
      + cpu_core_count                       = (known after apply)
      + cpu_threads_per_core                 = (known after apply)
      + disable_api_stop                     = (known after apply)
      + disable_api_termination              = (known after apply)
      + ebs_optimized                        = (known after apply)
      + get_password_data                    = false
      + host_id                              = (known after apply)
      + host_resource_group_arn              = (known after apply)
      + id                                   = (known after apply)
      + instance_initiated_shutdown_behavior = (known after apply)
      + instance_state                       = (known after apply)
      + instance_type                        = "t3.micro"
      + ipv6_address_count                   = (known after apply)
      + ipv6_addresses                       = (known after apply)
      + key_name                             = "aws-london"
      + monitoring                           = (known after apply)
      + outpost_arn                          = (known after apply)
      + password_data                        = (known after apply)
      + placement_group                      = (known after apply)
      + placement_partition_number           = (known after apply)
      + primary_network_interface_id         = (known after apply)
      + private_dns                          = (known after apply)
      + private_ip                           = (known after apply)
      + public_dns                           = (known after apply)
      + public_ip                            = (known after apply)
      + secondary_private_ips                = (known after apply)
      + security_groups                      = (known after apply)
      + source_dest_check                    = true
      + subnet_id                            = "subnet-0d3907a1772876a64"
      + tags                                 = {
          + "Name"    = "k8s_training_instance"
          + "Project" = "k8s_training"
        }
      + tags_all                             = {
          + "Name"    = "k8s_training_instance"
          + "Project" = "k8s_training"
        }
      + tenancy                              = (known after apply)
      + user_data                            = "4aaa024beb5cd8b818b58eed1e6afbb1638dedc9"
      + user_data_base64                     = (known after apply)
      + user_data_replace_on_change          = false
      + vpc_security_group_ids               = [
          + "sg-0c2b34e3495f5a874",
        ]

      + capacity_reservation_specification {
          + capacity_reservation_preference = (known after apply)

          + capacity_reservation_target {
              + capacity_reservation_id                 = (known after apply)
              + capacity_reservation_resource_group_arn = (known after apply)
            }
        }

      + ebs_block_device {
          + delete_on_termination = (known after apply)
          + device_name           = (known after apply)
          + encrypted             = (known after apply)
          + iops                  = (known after apply)
          + kms_key_id            = (known after apply)
          + snapshot_id           = (known after apply)
          + tags                  = (known after apply)
          + throughput            = (known after apply)
          + volume_id             = (known after apply)
          + volume_size           = (known after apply)
          + volume_type           = (known after apply)
        }

      + enclave_options {
          + enabled = (known after apply)
        }

      + ephemeral_block_device {
          + device_name  = (known after apply)
          + no_device    = (known after apply)
          + virtual_name = (known after apply)
        }

      + maintenance_options {
          + auto_recovery = (known after apply)
        }

      + metadata_options {
          + http_endpoint               = (known after apply)
          + http_put_response_hop_limit = (known after apply)
          + http_tokens                 = (known after apply)
          + instance_metadata_tags      = (known after apply)
        }

      + network_interface {
          + delete_on_termination = (known after apply)
          + device_index          = (known after apply)
          + network_card_index    = (known after apply)
          + network_interface_id  = (known after apply)
        }

      + private_dns_name_options {
          + enable_resource_name_dns_a_record    = (known after apply)
          + enable_resource_name_dns_aaaa_record = (known after apply)
          + hostname_type                        = (known after apply)
        }

      + root_block_device {
          + delete_on_termination = true
          + device_name           = (known after apply)
          + encrypted             = false
          + iops                  = (known after apply)
          + kms_key_id            = (known after apply)
          + throughput            = (known after apply)
          + volume_id             = (known after apply)
          + volume_size           = 10
          + volume_type           = (known after apply)
        }
    }

Plan: 1 to add, 0 to change, 0 to destroy.

Changes to Outputs:
  + master_public_ip_addr = (known after apply)
aws_instance.k3s_master[0]: Creating...
aws_instance.k3s_master[0]: Still creating... [10s elapsed]
aws_instance.k3s_master[0]: Creation complete after 12s [id=i-0c595618d04c2d68e]

Apply complete! Resources: 1 added, 0 changed, 0 destroyed.

Outputs:

master_public_ip_addr = "52.56.136.22"
